
Microsoft Visual Studio Solution File, Format Version 12.00
# Visual Studio Version 17
VisualStudioVersion = 17.9.34728.123
MinimumVisualStudioVersion = 10.0.40219.1
Project("{FAE04EC0-301F-11D3-BF4B-00C04F79EFBC}") = "SampleFactory", "SampleFactory\SampleFactory.csproj", "{BD6A2E1F-5E9D-4215-8AAD-2BBCDA0BA1D8}"
EndProject
Global
	GlobalSection(SolutionConfigurationPlatforms) = preSolution
		Debug|Any CPU = Debug|Any CPU
		Release|Any CPU = Release|Any CPU
	EndGlobalSection
	GlobalSection(ProjectConfigurationPlatforms) = postSolution
		{BD6A2E1F-5E9D-4215-8AAD-2BBCDA0BA1D8}.Debug|Any CPU.ActiveCfg = Debug|Any CPU
		{BD6A2E1F-5E9D-4215-8AAD-2BBCDA0BA1D8}.Debug|Any CPU.Build.0 = Debug|Any CPU
		{BD6A2E1F-5E9D-4215-8AAD-2BBCDA0BA1D8}.Release|Any CPU.ActiveCfg = Release|Any CPU
		{BD6A2E1F-5E9D-4215-8AAD-2BBCDA0BA1D8}.Release|Any CPU.Build.0 = Release|Any CPU
	EndGlobalSection
	GlobalSection(SolutionProperties) = preSolution
		HideSolutionNode = FALSE
	EndGlobalSection
	GlobalSection(ExtensibilityGlobals) = postSolution
		SolutionGuid = {BEBBF0A7-251E-42A8-A557-83A75A0ECAB7}
	EndGlobalSection
EndGlobal
